
Microsoft Visual Studio Solution File, Format Version 12.00
# Visual Studio Version 16
VisualStudioVersion = 16.0.31005.135
MinimumVisualStudioVersion = 10.0.40219.1
Project("{FAE04EC0-301F-11D3-BF4B-00C04F79EFBC}") = "GrpcDemo", "GrpcDemo\GrpcDemo.csproj", "{297637CD-9648-457D-A34C-46CF3675A19D}"
EndProject
Project("{FAE04EC0-301F-11D3-BF4B-00C04F79EFBC}") = "GrpcClient", "GrpcClient\GrpcClient.csproj", "{04F130EE-BA77-431E-9E7A-3474437EC044}"
EndProject
Global
	GlobalSection(SolutionConfigurationPlatforms) = preSolution
		Debug|Any CPU = Debug|Any CPU
		Release|Any CPU = Release|Any CPU
	EndGlobalSection
	GlobalSection(ProjectConfigurationPlatforms) = postSolution
		{297637CD-9648-457D-A34C-46CF3675A19D}.Debug|Any CPU.ActiveCfg = Debug|Any CPU
		{297637CD-9648-457D-A34C-46CF3675A19D}.Debug|Any CPU.Build.0 = Debug|Any CPU
		{297637CD-9648-457D-A34C-46CF3675A19D}.Release|Any CPU.ActiveCfg = Release|Any CPU
		{297637CD-9648-457D-A34C-46CF3675A19D}.Release|Any CPU.Build.0 = Release|Any CPU
		{04F130EE-BA77-431E-9E7A-3474437EC044}.Debug|Any CPU.ActiveCfg = Debug|Any CPU
		{04F130EE-BA77-431E-9E7A-3474437EC044}.Debug|Any CPU.Build.0 = Debug|Any CPU
		{04F130EE-BA77-431E-9E7A-3474437EC044}.Release|Any CPU.ActiveCfg = Release|Any CPU
		{04F130EE-BA77-431E-9E7A-3474437EC044}.Release|Any CPU.Build.0 = Release|Any CPU
	EndGlobalSection
	GlobalSection(SolutionProperties) = preSolution
		HideSolutionNode = FALSE
	EndGlobalSection
	GlobalSection(ExtensibilityGlobals) = postSolution
		SolutionGuid = {33563BAB-8D47-47B1-A1D1-F1AFF15E863C}
	EndGlobalSection
EndGlobal
